
Microsoft Visual Studio Solution File, Format Version 12.00
# Visual Studio 15
Project("{FAE04EC0-301F-11D3-BF4B-00C04F79EFBC}") = "CommonAD", "CommonAD.csproj", "{C4BBBADB-22AE-042C-056B-B9ED30EE9655}"
EndProject
Project("{FAE04EC0-301F-11D3-BF4B-00C04F79EFBC}") = "MapAD", "MapAD.csproj", "{9BCC87C5-2392-B8FC-A805-EF5DCADE93F2}"
EndProject
Project("{FAE04EC0-301F-11D3-BF4B-00C04F79EFBC}") = "TouchAd", "TouchAd.csproj", "{3FAC9617-7A20-A564-B7D7-98BF7525FA4D}"
EndProject
Project("{FAE04EC0-301F-11D3-BF4B-00C04F79EFBC}") = "CharacterAD", "CharacterAD.csproj", "{B6A8EFE7-9BAD-72E2-89A5-DE39DB30CF61}"
EndProject
Global
	GlobalSection(SolutionConfigurationPlatforms) = preSolution
		Debug|Any CPU = Debug|Any CPU
		Release|Any CPU = Release|Any CPU
	EndGlobalSection
	GlobalSection(ProjectConfigurationPlatforms) = postSolution
		{C4BBBADB-22AE-042C-056B-B9ED30EE9655}.Debug|Any CPU.ActiveCfg = Debug|Any CPU
		{C4BBBADB-22AE-042C-056B-B9ED30EE9655}.Debug|Any CPU.Build.0 = Debug|Any CPU
		{C4BBBADB-22AE-042C-056B-B9ED30EE9655}.Release|Any CPU.ActiveCfg = Release|Any CPU
		{C4BBBADB-22AE-042C-056B-B9ED30EE9655}.Release|Any CPU.Build.0 = Release|Any CPU
		{9BCC87C5-2392-B8FC-A805-EF5DCADE93F2}.Debug|Any CPU.ActiveCfg = Debug|Any CPU
		{9BCC87C5-2392-B8FC-A805-EF5DCADE93F2}.Debug|Any CPU.Build.0 = Debug|Any CPU
		{9BCC87C5-2392-B8FC-A805-EF5DCADE93F2}.Release|Any CPU.ActiveCfg = Release|Any CPU
		{9BCC87C5-2392-B8FC-A805-EF5DCADE93F2}.Release|Any CPU.Build.0 = Release|Any CPU
		{3FAC9617-7A20-A564-B7D7-98BF7525FA4D}.Debug|Any CPU.ActiveCfg = Debug|Any CPU
		{3FAC9617-7A20-A564-B7D7-98BF7525FA4D}.Debug|Any CPU.Build.0 = Debug|Any CPU
		{3FAC9617-7A20-A564-B7D7-98BF7525FA4D}.Release|Any CPU.ActiveCfg = Release|Any CPU
		{3FAC9617-7A20-A564-B7D7-98BF7525FA4D}.Release|Any CPU.Build.0 = Release|Any CPU
		{B6A8EFE7-9BAD-72E2-89A5-DE39DB30CF61}.Debug|Any CPU.ActiveCfg = Debug|Any CPU
		{B6A8EFE7-9BAD-72E2-89A5-DE39DB30CF61}.Debug|Any CPU.Build.0 = Debug|Any CPU
		{B6A8EFE7-9BAD-72E2-89A5-DE39DB30CF61}.Release|Any CPU.ActiveCfg = Release|Any CPU
		{B6A8EFE7-9BAD-72E2-89A5-DE39DB30CF61}.Release|Any CPU.Build.0 = Release|Any CPU
	EndGlobalSection
	GlobalSection(SolutionProperties) = preSolution
		HideSolutionNode = FALSE
	EndGlobalSection
EndGlobal
